{
  "markbot": "cfcf53b60019b9fa01d50f8f44bba1ad32481ea6fa41906330130db587e29a85",
  "css/main.css": "98ca0f70903534eb3d9319ccf8f6c20616706c57baf76178995cc7316cb141d4",
  "css/grid.css": "8d72456bde156fdddebe4ed008366c2cea167ee36e1aa76aa8ae91ac71f80c04",
  "css/type.css": "34cfdae01118ce4ac9edc1bbedaf2a79932000058c0fc8784e6a43dc04adac1d",
  "index-320.png": "f7bcc9f27bde9aaa0fd15eb99bd75893b3905393b5655149d86860a9518d59fe",
  "index-400.png": "4ad56e0380fa15e0349a9cdce2d9cb6e06f68d0d66680b9638b249cd212a2b4f",
  "index-608.png": "82004f7d77965c7608a8273cb010c1cff728a6d4fbfe8479867c28141971f6e0",
  "index-960.png": "62730c3d9cacb4c60d8df4bfef3c16cd34ef14577d3df508437deae69455f602",
  "index-1440.png": "53c801a8e81f11431b2a8d783514a58e93bebe4ddf48cb36137454a714c449e1"
}