{
  "markbot": "8521361abaab285d56ce8c8858cc1315989fc8cdb80df1dde564afc15173c549",
  "css/main.css": "98ca0f70903534eb3d9319ccf8f6c20616706c57baf76178995cc7316cb141d4",
  "css/grid.css": "468021728060e29f007cf12da8f95ac978c6e8bc587386277a4cf35466e1510d",
  "css/type.css": "a2f89dc623b2c67c9d3afb3977fd8d23dc03926f0fb876bc13ada1edae162422",
  "index-320.png": "f7bcc9f27bde9aaa0fd15eb99bd75893b3905393b5655149d86860a9518d59fe",
  "index-400.png": "4ad56e0380fa15e0349a9cdce2d9cb6e06f68d0d66680b9638b249cd212a2b4f",
  "index-608.png": "82004f7d77965c7608a8273cb010c1cff728a6d4fbfe8479867c28141971f6e0",
  "index-960.png": "62730c3d9cacb4c60d8df4bfef3c16cd34ef14577d3df508437deae69455f602",
  "index-1440.png": "53c801a8e81f11431b2a8d783514a58e93bebe4ddf48cb36137454a714c449e1"
}